
Microsoft Visual Studio Solution File, Format Version 12.00
# Visual Studio Version 17
VisualStudioVersion = 17.12.35527.113 d17.12
MinimumVisualStudioVersion = 10.0.40219.1
Project("{FAE04EC0-301F-11D3-BF4B-00C04F79EFBC}") = "Mission_11", "Mission_11\Mission_11.csproj", "{48D669FB-F4E4-49BF-8C64-EAC99F4D1EEC}"
EndProject
Global
	GlobalSection(SolutionConfigurationPlatforms) = preSolution
		Debug|Any CPU = Debug|Any CPU
		Release|Any CPU = Release|Any CPU
	EndGlobalSection
	GlobalSection(ProjectConfigurationPlatforms) = postSolution
		{48D669FB-F4E4-49BF-8C64-EAC99F4D1EEC}.Debug|Any CPU.ActiveCfg = Debug|Any CPU
		{48D669FB-F4E4-49BF-8C64-EAC99F4D1EEC}.Debug|Any CPU.Build.0 = Debug|Any CPU
		{48D669FB-F4E4-49BF-8C64-EAC99F4D1EEC}.Release|Any CPU.ActiveCfg = Release|Any CPU
		{48D669FB-F4E4-49BF-8C64-EAC99F4D1EEC}.Release|Any CPU.Build.0 = Release|Any CPU
	EndGlobalSection
	GlobalSection(SolutionProperties) = preSolution
		HideSolutionNode = FALSE
	EndGlobalSection
EndGlobal
